
Microsoft Visual Studio Solution File, Format Version 12.00
# Visual Studio Version 16
VisualStudioVersion = 16.0.32602.291
MinimumVisualStudioVersion = 10.0.40219.1
Project("{8BC9CEB8-8B4A-11D0-8D11-00A0C91BC942}") = "hello-world", "hello-world\hello-world.vcxproj", "{713E1EE4-4231-407C-8C93-35407954663D}"
EndProject
Project("{8BC9CEB8-8B4A-11D0-8D11-00A0C91BC942}") = "constpoint-opintconst", "constpoint-opintconst\constpoint-opintconst.vcxproj", "{0DC70B71-1B35-4147-83CA-27B85CC27C9A}"
EndProject
Project("{8BC9CEB8-8B4A-11D0-8D11-00A0C91BC942}") = "format-code-style", "format-code-style\format-code-style.vcxproj", "{5F15332B-FC68-4DBB-BA6F-039D706D6B1C}"
EndProject
Project("{8BC9CEB8-8B4A-11D0-8D11-00A0C91BC942}") = "new-delete", "new-delete\new-delete.vcxproj", "{26C0FC3F-D5ED-4945-840A-B17279626DDA}"
EndProject
Project("{8BC9CEB8-8B4A-11D0-8D11-00A0C91BC942}") = "win-mem-leaks", "win-mem-leaks\win-mem-leaks.vcxproj", "{ACC4F9E8-2671-40F9-B593-AE6F5D778FE3}"
EndProject
Project("{8BC9CEB8-8B4A-11D0-8D11-00A0C91BC942}") = "overloaded-arithmetic-operator", "overloaded-arithmetic-operator\overloaded-arithmetic-operator.vcxproj", "{BFB891E7-1184-4935-9725-2998CFFDCB57}"
EndProject
Project("{8BC9CEB8-8B4A-11D0-8D11-00A0C91BC942}") = "overloaded-class-arithmetic-operator", "overloaded-class-arithmetic-operator\overloaded-class-arithmetic-operator.vcxproj", "{4CE4E6BC-8229-4421-9699-BE4BDEB4E82F}"
EndProject
Project("{8BC9CEB8-8B4A-11D0-8D11-00A0C91BC942}") = "class-object", "class-object\class-object.vcxproj", "{6F0D149D-1304-4743-97ED-B5500FA2C3B4}"
EndProject
Project("{8BC9CEB8-8B4A-11D0-8D11-00A0C91BC942}") = "class-object-friend", "class-object-friend\class-object-friend.vcxproj", "{EAF9D5F6-38B8-45AF-9E20-C64F282F900B}"
EndProject
Project("{8BC9CEB8-8B4A-11D0-8D11-00A0C91BC942}") = "class-func-friend", "class-func-friend\class-func-friend.vcxproj", "{D8CA2F3F-A29B-44D5-B72E-D45A9AEE8932}"
EndProject
Project("{8BC9CEB8-8B4A-11D0-8D11-00A0C91BC942}") = "lvalue-rvalue", "lvalue-rvalue\lvalue-rvalue.vcxproj", "{4CB70CDE-0246-4FDB-B513-6EC21F6CDC56}"
EndProject
Project("{8BC9CEB8-8B4A-11D0-8D11-00A0C91BC942}") = "format", "format\format.vcxproj", "{10E22199-2E7B-4136-8216-53A4D5CCFFCE}"
EndProject
Project("{8BC9CEB8-8B4A-11D0-8D11-00A0C91BC942}") = "directory-structure", "directory-structure\directory-structure.vcxproj", "{F76B2AD8-BB66-4555-AB71-89D0E7D51000}"
EndProject
Project("{8BC9CEB8-8B4A-11D0-8D11-00A0C91BC942}") = "simple-vector", "simple-vector\simple-vector.vcxproj", "{7346E2B8-013A-49EE-8B65-4D5AA824C9C8}"
EndProject
Project("{8BC9CEB8-8B4A-11D0-8D11-00A0C91BC942}") = "insert-iterator", "insert-iterator\insert-iterator.vcxproj", "{229D37C3-3C79-4C89-A297-E7394AB63327}"
EndProject
Project("{8BC9CEB8-8B4A-11D0-8D11-00A0C91BC942}") = "begin-end", "begin-end\begin-end.vcxproj", "{7ECC766D-CA4F-41AD-8A65-B5F529388BA9}"
EndProject
Project("{8BC9CEB8-8B4A-11D0-8D11-00A0C91BC942}") = "memory-order-acquire-release", "memory-order-acquire-release\memory-order-acquire-release.vcxproj", "{B633282E-216C-442C-9897-DFB753640789}"
EndProject
Project("{8BC9CEB8-8B4A-11D0-8D11-00A0C91BC942}") = "swap-object", "swap-object\swap-object.vcxproj", "{AAD93014-5D3B-4442-A40D-D6BF62458022}"
EndProject
Project("{8BC9CEB8-8B4A-11D0-8D11-00A0C91BC942}") = "const-func", "const-func\const-func.vcxproj", "{9CB97B56-4613-464F-A82D-15710286E777}"
EndProject
Project("{8BC9CEB8-8B4A-11D0-8D11-00A0C91BC942}") = "except", "except\except.vcxproj", "{AC5F78C1-B1D6-4898-8DC2-3A2DB86F8C9A}"
EndProject
Project("{8BC9CEB8-8B4A-11D0-8D11-00A0C91BC942}") = "write-file", "write-file\write-file.vcxproj", "{927A530D-410A-4DFF-92BC-B1B4A63F0363}"
EndProject
Project("{8BC9CEB8-8B4A-11D0-8D11-00A0C91BC942}") = "read-file", "read-file\read-file.vcxproj", "{83C19EC5-4196-4767-BF98-9CC4C919AAE2}"
EndProject
Project("{8BC9CEB8-8B4A-11D0-8D11-00A0C91BC942}") = "simple-template", "simple-template\simple-template.vcxproj", "{377D5D86-FB17-4C21-8A93-8718A022D719}"
EndProject
Project("{8BC9CEB8-8B4A-11D0-8D11-00A0C91BC942}") = "simple-concepts", "simple-concepts\simple-concepts.vcxproj", "{7D83FD08-F63A-4C9E-9489-C75BFEE46C05}"
EndProject
Project("{8BC9CEB8-8B4A-11D0-8D11-00A0C91BC942}") = "extern-c", "extern-c\extern-c.vcxproj", "{07EC71AE-6F27-417A-B1B8-2B8BF14635A1}"
EndProject
Project("{8BC9CEB8-8B4A-11D0-8D11-00A0C91BC942}") = "variant", "variant\variant.vcxproj", "{C88BB9D6-FBB6-4310-8F6C-B00C95C3A68E}"
EndProject
Project("{8BC9CEB8-8B4A-11D0-8D11-00A0C91BC942}") = "any", "any\any.vcxproj", "{A9FCDC5A-7DA6-4C37-BA30-AC80E945D350}"
EndProject
Project("{8BC9CEB8-8B4A-11D0-8D11-00A0C91BC942}") = "pair", "pair\pair.vcxproj", "{490A1CC3-3B2E-484A-B58C-23252D113CD4}"
EndProject
Project("{8BC9CEB8-8B4A-11D0-8D11-00A0C91BC942}") = "tuple", "tuple\tuple.vcxproj", "{CFBBE265-42A4-4E07-BED3-62EB4674069C}"
EndProject
Project("{8BC9CEB8-8B4A-11D0-8D11-00A0C91BC942}") = "regex_match", "regex_match\regex_match.vcxproj", "{7FA9C6C1-5EEB-4AA5-9588-D17532647E52}"
EndProject
Project("{8BC9CEB8-8B4A-11D0-8D11-00A0C91BC942}") = "regex-match1", "regex-match1\regex-match1.vcxproj", "{64CCF493-E4BA-441A-8891-D991B0CD1695}"
EndProject
Project("{8BC9CEB8-8B4A-11D0-8D11-00A0C91BC942}") = "regex-search", "regex-search\regex-search.vcxproj", "{B6136F1C-95C1-4153-A2F1-021F071A14E1}"
EndProject
Project("{8BC9CEB8-8B4A-11D0-8D11-00A0C91BC942}") = "regex-iterator", "regex-iterator\regex-iterator.vcxproj", "{1DB2D6C0-DB36-4427-A05F-E81E925CA8B2}"
EndProject
Project("{8BC9CEB8-8B4A-11D0-8D11-00A0C91BC942}") = "find", "find\find.vcxproj", "{033726E2-9B13-4755-8276-2B8D9694787C}"
EndProject
Project("{8BC9CEB8-8B4A-11D0-8D11-00A0C91BC942}") = "find-if", "find-if\find-if.vcxproj", "{CA6FC2AF-FE62-4297-AA1B-B4043C9EAE73}"
EndProject
Project("{8BC9CEB8-8B4A-11D0-8D11-00A0C91BC942}") = "accumulate", "accumulate\accumulate.vcxproj", "{2B8148BC-E200-4BFA-BD62-F4E398751ACF}"
EndProject
Global
	GlobalSection(SolutionConfigurationPlatforms) = preSolution
		Debug|x64 = Debug|x64
		Debug|x86 = Debug|x86
		Release|x64 = Release|x64
		Release|x86 = Release|x86
	EndGlobalSection
	GlobalSection(ProjectConfigurationPlatforms) = postSolution
		{713E1EE4-4231-407C-8C93-35407954663D}.Debug|x64.ActiveCfg = Debug|x64
		{713E1EE4-4231-407C-8C93-35407954663D}.Debug|x64.Build.0 = Debug|x64
		{713E1EE4-4231-407C-8C93-35407954663D}.Debug|x86.ActiveCfg = Debug|Win32
		{713E1EE4-4231-407C-8C93-35407954663D}.Debug|x86.Build.0 = Debug|Win32
		{713E1EE4-4231-407C-8C93-35407954663D}.Release|x64.ActiveCfg = Release|x64
		{713E1EE4-4231-407C-8C93-35407954663D}.Release|x64.Build.0 = Release|x64
		{713E1EE4-4231-407C-8C93-35407954663D}.Release|x86.ActiveCfg = Release|Win32
		{713E1EE4-4231-407C-8C93-35407954663D}.Release|x86.Build.0 = Release|Win32
		{0DC70B71-1B35-4147-83CA-27B85CC27C9A}.Debug|x64.ActiveCfg = Debug|x64
		{0DC70B71-1B35-4147-83CA-27B85CC27C9A}.Debug|x64.Build.0 = Debug|x64
		{0DC70B71-1B35-4147-83CA-27B85CC27C9A}.Debug|x86.ActiveCfg = Debug|Win32
		{0DC70B71-1B35-4147-83CA-27B85CC27C9A}.Debug|x86.Build.0 = Debug|Win32
		{0DC70B71-1B35-4147-83CA-27B85CC27C9A}.Release|x64.ActiveCfg = Release|x64
		{0DC70B71-1B35-4147-83CA-27B85CC27C9A}.Release|x64.Build.0 = Release|x64
		{0DC70B71-1B35-4147-83CA-27B85CC27C9A}.Release|x86.ActiveCfg = Release|Win32
		{0DC70B71-1B35-4147-83CA-27B85CC27C9A}.Release|x86.Build.0 = Release|Win32
		{5F15332B-FC68-4DBB-BA6F-039D706D6B1C}.Debug|x64.ActiveCfg = Debug|x64
		{5F15332B-FC68-4DBB-BA6F-039D706D6B1C}.Debug|x64.Build.0 = Debug|x64
		{5F15332B-FC68-4DBB-BA6F-039D706D6B1C}.Debug|x86.ActiveCfg = Debug|Win32
		{5F15332B-FC68-4DBB-BA6F-039D706D6B1C}.Debug|x86.Build.0 = Debug|Win32
		{5F15332B-FC68-4DBB-BA6F-039D706D6B1C}.Release|x64.ActiveCfg = Release|x64
		{5F15332B-FC68-4DBB-BA6F-039D706D6B1C}.Release|x64.Build.0 = Release|x64
		{5F15332B-FC68-4DBB-BA6F-039D706D6B1C}.Release|x86.ActiveCfg = Release|Win32
		{5F15332B-FC68-4DBB-BA6F-039D706D6B1C}.Release|x86.Build.0 = Release|Win32
		{26C0FC3F-D5ED-4945-840A-B17279626DDA}.Debug|x64.ActiveCfg = Debug|x64
		{26C0FC3F-D5ED-4945-840A-B17279626DDA}.Debug|x64.Build.0 = Debug|x64
		{26C0FC3F-D5ED-4945-840A-B17279626DDA}.Debug|x86.ActiveCfg = Debug|Win32
		{26C0FC3F-D5ED-4945-840A-B17279626DDA}.Debug|x86.Build.0 = Debug|Win32
		{26C0FC3F-D5ED-4945-840A-B17279626DDA}.Release|x64.ActiveCfg = Release|x64
		{26C0FC3F-D5ED-4945-840A-B17279626DDA}.Release|x64.Build.0 = Release|x64
		{26C0FC3F-D5ED-4945-840A-B17279626DDA}.Release|x86.ActiveCfg = Release|Win32
		{26C0FC3F-D5ED-4945-840A-B17279626DDA}.Release|x86.Build.0 = Release|Win32
		{ACC4F9E8-2671-40F9-B593-AE6F5D778FE3}.Debug|x64.ActiveCfg = Debug|x64
		{ACC4F9E8-2671-40F9-B593-AE6F5D778FE3}.Debug|x64.Build.0 = Debug|x64
		{ACC4F9E8-2671-40F9-B593-AE6F5D778FE3}.Debug|x86.ActiveCfg = Debug|Win32
		{ACC4F9E8-2671-40F9-B593-AE6F5D778FE3}.Debug|x86.Build.0 = Debug|Win32
		{ACC4F9E8-2671-40F9-B593-AE6F5D778FE3}.Release|x64.ActiveCfg = Release|x64
		{ACC4F9E8-2671-40F9-B593-AE6F5D778FE3}.Release|x64.Build.0 = Release|x64
		{ACC4F9E8-2671-40F9-B593-AE6F5D778FE3}.Release|x86.ActiveCfg = Release|Win32
		{ACC4F9E8-2671-40F9-B593-AE6F5D778FE3}.Release|x86.Build.0 = Release|Win32
		{BFB891E7-1184-4935-9725-2998CFFDCB57}.Debug|x64.ActiveCfg = Debug|x64
		{BFB891E7-1184-4935-9725-2998CFFDCB57}.Debug|x64.Build.0 = Debug|x64
		{BFB891E7-1184-4935-9725-2998CFFDCB57}.Debug|x86.ActiveCfg = Debug|Win32
		{BFB891E7-1184-4935-9725-2998CFFDCB57}.Debug|x86.Build.0 = Debug|Win32
		{BFB891E7-1184-4935-9725-2998CFFDCB57}.Release|x64.ActiveCfg = Release|x64
		{BFB891E7-1184-4935-9725-2998CFFDCB57}.Release|x64.Build.0 = Release|x64
		{BFB891E7-1184-4935-9725-2998CFFDCB57}.Release|x86.ActiveCfg = Release|Win32
		{BFB891E7-1184-4935-9725-2998CFFDCB57}.Release|x86.Build.0 = Release|Win32
		{4CE4E6BC-8229-4421-9699-BE4BDEB4E82F}.Debug|x64.ActiveCfg = Debug|x64
		{4CE4E6BC-8229-4421-9699-BE4BDEB4E82F}.Debug|x64.Build.0 = Debug|x64
		{4CE4E6BC-8229-4421-9699-BE4BDEB4E82F}.Debug|x86.ActiveCfg = Debug|Win32
		{4CE4E6BC-8229-4421-9699-BE4BDEB4E82F}.Debug|x86.Build.0 = Debug|Win32
		{4CE4E6BC-8229-4421-9699-BE4BDEB4E82F}.Release|x64.ActiveCfg = Release|x64
		{4CE4E6BC-8229-4421-9699-BE4BDEB4E82F}.Release|x64.Build.0 = Release|x64
		{4CE4E6BC-8229-4421-9699-BE4BDEB4E82F}.Release|x86.ActiveCfg = Release|Win32
		{4CE4E6BC-8229-4421-9699-BE4BDEB4E82F}.Release|x86.Build.0 = Release|Win32
		{6F0D149D-1304-4743-97ED-B5500FA2C3B4}.Debug|x64.ActiveCfg = Debug|x64
		{6F0D149D-1304-4743-97ED-B5500FA2C3B4}.Debug|x64.Build.0 = Debug|x64
		{6F0D149D-1304-4743-97ED-B5500FA2C3B4}.Debug|x86.ActiveCfg = Debug|Win32
		{6F0D149D-1304-4743-97ED-B5500FA2C3B4}.Debug|x86.Build.0 = Debug|Win32
		{6F0D149D-1304-4743-97ED-B5500FA2C3B4}.Release|x64.ActiveCfg = Release|x64
		{6F0D149D-1304-4743-97ED-B5500FA2C3B4}.Release|x64.Build.0 = Release|x64
		{6F0D149D-1304-4743-97ED-B5500FA2C3B4}.Release|x86.ActiveCfg = Release|Win32
		{6F0D149D-1304-4743-97ED-B5500FA2C3B4}.Release|x86.Build.0 = Release|Win32
		{EAF9D5F6-38B8-45AF-9E20-C64F282F900B}.Debug|x64.ActiveCfg = Debug|x64
		{EAF9D5F6-38B8-45AF-9E20-C64F282F900B}.Debug|x64.Build.0 = Debug|x64
		{EAF9D5F6-38B8-45AF-9E20-C64F282F900B}.Debug|x86.ActiveCfg = Debug|Win32
		{EAF9D5F6-38B8-45AF-9E20-C64F282F900B}.Debug|x86.Build.0 = Debug|Win32
		{EAF9D5F6-38B8-45AF-9E20-C64F282F900B}.Release|x64.ActiveCfg = Release|x64
		{EAF9D5F6-38B8-45AF-9E20-C64F282F900B}.Release|x64.Build.0 = Release|x64
		{EAF9D5F6-38B8-45AF-9E20-C64F282F900B}.Release|x86.ActiveCfg = Release|Win32
		{EAF9D5F6-38B8-45AF-9E20-C64F282F900B}.Release|x86.Build.0 = Release|Win32
		{D8CA2F3F-A29B-44D5-B72E-D45A9AEE8932}.Debug|x64.ActiveCfg = Debug|x64
		{D8CA2F3F-A29B-44D5-B72E-D45A9AEE8932}.Debug|x64.Build.0 = Debug|x64
		{D8CA2F3F-A29B-44D5-B72E-D45A9AEE8932}.Debug|x86.ActiveCfg = Debug|Win32
		{D8CA2F3F-A29B-44D5-B72E-D45A9AEE8932}.Debug|x86.Build.0 = Debug|Win32
		{D8CA2F3F-A29B-44D5-B72E-D45A9AEE8932}.Release|x64.ActiveCfg = Release|x64
		{D8CA2F3F-A29B-44D5-B72E-D45A9AEE8932}.Release|x64.Build.0 = Release|x64
		{D8CA2F3F-A29B-44D5-B72E-D45A9AEE8932}.Release|x86.ActiveCfg = Release|Win32
		{D8CA2F3F-A29B-44D5-B72E-D45A9AEE8932}.Release|x86.Build.0 = Release|Win32
		{4CB70CDE-0246-4FDB-B513-6EC21F6CDC56}.Debug|x64.ActiveCfg = Debug|x64
		{4CB70CDE-0246-4FDB-B513-6EC21F6CDC56}.Debug|x64.Build.0 = Debug|x64
		{4CB70CDE-0246-4FDB-B513-6EC21F6CDC56}.Debug|x86.ActiveCfg = Debug|Win32
		{4CB70CDE-0246-4FDB-B513-6EC21F6CDC56}.Debug|x86.Build.0 = Debug|Win32
		{4CB70CDE-0246-4FDB-B513-6EC21F6CDC56}.Release|x64.ActiveCfg = Release|x64
		{4CB70CDE-0246-4FDB-B513-6EC21F6CDC56}.Release|x64.Build.0 = Release|x64
		{4CB70CDE-0246-4FDB-B513-6EC21F6CDC56}.Release|x86.ActiveCfg = Release|Win32
		{4CB70CDE-0246-4FDB-B513-6EC21F6CDC56}.Release|x86.Build.0 = Release|Win32
		{10E22199-2E7B-4136-8216-53A4D5CCFFCE}.Debug|x64.ActiveCfg = Debug|x64
		{10E22199-2E7B-4136-8216-53A4D5CCFFCE}.Debug|x64.Build.0 = Debug|x64
		{10E22199-2E7B-4136-8216-53A4D5CCFFCE}.Debug|x86.ActiveCfg = Debug|Win32
		{10E22199-2E7B-4136-8216-53A4D5CCFFCE}.Debug|x86.Build.0 = Debug|Win32
		{10E22199-2E7B-4136-8216-53A4D5CCFFCE}.Release|x64.ActiveCfg = Release|x64
		{10E22199-2E7B-4136-8216-53A4D5CCFFCE}.Release|x64.Build.0 = Release|x64
		{10E22199-2E7B-4136-8216-53A4D5CCFFCE}.Release|x86.ActiveCfg = Release|Win32
		{10E22199-2E7B-4136-8216-53A4D5CCFFCE}.Release|x86.Build.0 = Release|Win32
		{F76B2AD8-BB66-4555-AB71-89D0E7D51000}.Debug|x64.ActiveCfg = Debug|x64
		{F76B2AD8-BB66-4555-AB71-89D0E7D51000}.Debug|x64.Build.0 = Debug|x64
		{F76B2AD8-BB66-4555-AB71-89D0E7D51000}.Debug|x86.ActiveCfg = Debug|Win32
		{F76B2AD8-BB66-4555-AB71-89D0E7D51000}.Debug|x86.Build.0 = Debug|Win32
		{F76B2AD8-BB66-4555-AB71-89D0E7D51000}.Release|x64.ActiveCfg = Release|x64
		{F76B2AD8-BB66-4555-AB71-89D0E7D51000}.Release|x64.Build.0 = Release|x64
		{F76B2AD8-BB66-4555-AB71-89D0E7D51000}.Release|x86.ActiveCfg = Release|Win32
		{F76B2AD8-BB66-4555-AB71-89D0E7D51000}.Release|x86.Build.0 = Release|Win32
		{7346E2B8-013A-49EE-8B65-4D5AA824C9C8}.Debug|x64.ActiveCfg = Debug|x64
		{7346E2B8-013A-49EE-8B65-4D5AA824C9C8}.Debug|x64.Build.0 = Debug|x64
		{7346E2B8-013A-49EE-8B65-4D5AA824C9C8}.Debug|x86.ActiveCfg = Debug|Win32
		{7346E2B8-013A-49EE-8B65-4D5AA824C9C8}.Debug|x86.Build.0 = Debug|Win32
		{7346E2B8-013A-49EE-8B65-4D5AA824C9C8}.Release|x64.ActiveCfg = Release|x64
		{7346E2B8-013A-49EE-8B65-4D5AA824C9C8}.Release|x64.Build.0 = Release|x64
		{7346E2B8-013A-49EE-8B65-4D5AA824C9C8}.Release|x86.ActiveCfg = Release|Win32
		{7346E2B8-013A-49EE-8B65-4D5AA824C9C8}.Release|x86.Build.0 = Release|Win32
		{229D37C3-3C79-4C89-A297-E7394AB63327}.Debug|x64.ActiveCfg = Debug|x64
		{229D37C3-3C79-4C89-A297-E7394AB63327}.Debug|x64.Build.0 = Debug|x64
		{229D37C3-3C79-4C89-A297-E7394AB63327}.Debug|x86.ActiveCfg = Debug|Win32
		{229D37C3-3C79-4C89-A297-E7394AB63327}.Debug|x86.Build.0 = Debug|Win32
		{229D37C3-3C79-4C89-A297-E7394AB63327}.Release|x64.ActiveCfg = Release|x64
		{229D37C3-3C79-4C89-A297-E7394AB63327}.Release|x64.Build.0 = Release|x64
		{229D37C3-3C79-4C89-A297-E7394AB63327}.Release|x86.ActiveCfg = Release|Win32
		{229D37C3-3C79-4C89-A297-E7394AB63327}.Release|x86.Build.0 = Release|Win32
		{7ECC766D-CA4F-41AD-8A65-B5F529388BA9}.Debug|x64.ActiveCfg = Debug|x64
		{7ECC766D-CA4F-41AD-8A65-B5F529388BA9}.Debug|x64.Build.0 = Debug|x64
		{7ECC766D-CA4F-41AD-8A65-B5F529388BA9}.Debug|x86.ActiveCfg = Debug|Win32
		{7ECC766D-CA4F-41AD-8A65-B5F529388BA9}.Debug|x86.Build.0 = Debug|Win32
		{7ECC766D-CA4F-41AD-8A65-B5F529388BA9}.Release|x64.ActiveCfg = Release|x64
		{7ECC766D-CA4F-41AD-8A65-B5F529388BA9}.Release|x64.Build.0 = Release|x64
		{7ECC766D-CA4F-41AD-8A65-B5F529388BA9}.Release|x86.ActiveCfg = Release|Win32
		{7ECC766D-CA4F-41AD-8A65-B5F529388BA9}.Release|x86.Build.0 = Release|Win32
		{B633282E-216C-442C-9897-DFB753640789}.Debug|x64.ActiveCfg = Debug|x64
		{B633282E-216C-442C-9897-DFB753640789}.Debug|x64.Build.0 = Debug|x64
		{B633282E-216C-442C-9897-DFB753640789}.Debug|x86.ActiveCfg = Debug|Win32
		{B633282E-216C-442C-9897-DFB753640789}.Debug|x86.Build.0 = Debug|Win32
		{B633282E-216C-442C-9897-DFB753640789}.Release|x64.ActiveCfg = Release|x64
		{B633282E-216C-442C-9897-DFB753640789}.Release|x64.Build.0 = Release|x64
		{B633282E-216C-442C-9897-DFB753640789}.Release|x86.ActiveCfg = Release|Win32
		{B633282E-216C-442C-9897-DFB753640789}.Release|x86.Build.0 = Release|Win32
		{AAD93014-5D3B-4442-A40D-D6BF62458022}.Debug|x64.ActiveCfg = Debug|x64
		{AAD93014-5D3B-4442-A40D-D6BF62458022}.Debug|x64.Build.0 = Debug|x64
		{AAD93014-5D3B-4442-A40D-D6BF62458022}.Debug|x86.ActiveCfg = Debug|Win32
		{AAD93014-5D3B-4442-A40D-D6BF62458022}.Debug|x86.Build.0 = Debug|Win32
		{AAD93014-5D3B-4442-A40D-D6BF62458022}.Release|x64.ActiveCfg = Release|x64
		{AAD93014-5D3B-4442-A40D-D6BF62458022}.Release|x64.Build.0 = Release|x64
		{AAD93014-5D3B-4442-A40D-D6BF62458022}.Release|x86.ActiveCfg = Release|Win32
		{AAD93014-5D3B-4442-A40D-D6BF62458022}.Release|x86.Build.0 = Release|Win32
		{9CB97B56-4613-464F-A82D-15710286E777}.Debug|x64.ActiveCfg = Debug|x64
		{9CB97B56-4613-464F-A82D-15710286E777}.Debug|x64.Build.0 = Debug|x64
		{9CB97B56-4613-464F-A82D-15710286E777}.Debug|x86.ActiveCfg = Debug|Win32
		{9CB97B56-4613-464F-A82D-15710286E777}.Debug|x86.Build.0 = Debug|Win32
		{9CB97B56-4613-464F-A82D-15710286E777}.Release|x64.ActiveCfg = Release|x64
		{9CB97B56-4613-464F-A82D-15710286E777}.Release|x64.Build.0 = Release|x64
		{9CB97B56-4613-464F-A82D-15710286E777}.Release|x86.ActiveCfg = Release|Win32
		{9CB97B56-4613-464F-A82D-15710286E777}.Release|x86.Build.0 = Release|Win32
		{AC5F78C1-B1D6-4898-8DC2-3A2DB86F8C9A}.Debug|x64.ActiveCfg = Debug|x64
		{AC5F78C1-B1D6-4898-8DC2-3A2DB86F8C9A}.Debug|x64.Build.0 = Debug|x64
		{AC5F78C1-B1D6-4898-8DC2-3A2DB86F8C9A}.Debug|x86.ActiveCfg = Debug|Win32
		{AC5F78C1-B1D6-4898-8DC2-3A2DB86F8C9A}.Debug|x86.Build.0 = Debug|Win32
		{AC5F78C1-B1D6-4898-8DC2-3A2DB86F8C9A}.Release|x64.ActiveCfg = Release|x64
		{AC5F78C1-B1D6-4898-8DC2-3A2DB86F8C9A}.Release|x64.Build.0 = Release|x64
		{AC5F78C1-B1D6-4898-8DC2-3A2DB86F8C9A}.Release|x86.ActiveCfg = Release|Win32
		{AC5F78C1-B1D6-4898-8DC2-3A2DB86F8C9A}.Release|x86.Build.0 = Release|Win32
		{927A530D-410A-4DFF-92BC-B1B4A63F0363}.Debug|x64.ActiveCfg = Debug|x64
		{927A530D-410A-4DFF-92BC-B1B4A63F0363}.Debug|x64.Build.0 = Debug|x64
		{927A530D-410A-4DFF-92BC-B1B4A63F0363}.Debug|x86.ActiveCfg = Debug|Win32
		{927A530D-410A-4DFF-92BC-B1B4A63F0363}.Debug|x86.Build.0 = Debug|Win32
		{927A530D-410A-4DFF-92BC-B1B4A63F0363}.Release|x64.ActiveCfg = Release|x64
		{927A530D-410A-4DFF-92BC-B1B4A63F0363}.Release|x64.Build.0 = Release|x64
		{927A530D-410A-4DFF-92BC-B1B4A63F0363}.Release|x86.ActiveCfg = Release|Win32
		{927A530D-410A-4DFF-92BC-B1B4A63F0363}.Release|x86.Build.0 = Release|Win32
		{83C19EC5-4196-4767-BF98-9CC4C919AAE2}.Debug|x64.ActiveCfg = Debug|x64
		{83C19EC5-4196-4767-BF98-9CC4C919AAE2}.Debug|x64.Build.0 = Debug|x64
		{83C19EC5-4196-4767-BF98-9CC4C919AAE2}.Debug|x86.ActiveCfg = Debug|Win32
		{83C19EC5-4196-4767-BF98-9CC4C919AAE2}.Debug|x86.Build.0 = Debug|Win32
		{83C19EC5-4196-4767-BF98-9CC4C919AAE2}.Release|x64.ActiveCfg = Release|x64
		{83C19EC5-4196-4767-BF98-9CC4C919AAE2}.Release|x64.Build.0 = Release|x64
		{83C19EC5-4196-4767-BF98-9CC4C919AAE2}.Release|x86.ActiveCfg = Release|Win32
		{83C19EC5-4196-4767-BF98-9CC4C919AAE2}.Release|x86.Build.0 = Release|Win32
		{377D5D86-FB17-4C21-8A93-8718A022D719}.Debug|x64.ActiveCfg = Debug|x64
		{377D5D86-FB17-4C21-8A93-8718A022D719}.Debug|x64.Build.0 = Debug|x64
		{377D5D86-FB17-4C21-8A93-8718A022D719}.Debug|x86.ActiveCfg = Debug|Win32
		{377D5D86-FB17-4C21-8A93-8718A022D719}.Debug|x86.Build.0 = Debug|Win32
		{377D5D86-FB17-4C21-8A93-8718A022D719}.Release|x64.ActiveCfg = Release|x64
		{377D5D86-FB17-4C21-8A93-8718A022D719}.Release|x64.Build.0 = Release|x64
		{377D5D86-FB17-4C21-8A93-8718A022D719}.Release|x86.ActiveCfg = Release|Win32
		{377D5D86-FB17-4C21-8A93-8718A022D719}.Release|x86.Build.0 = Release|Win32
		{7D83FD08-F63A-4C9E-9489-C75BFEE46C05}.Debug|x64.ActiveCfg = Debug|x64
		{7D83FD08-F63A-4C9E-9489-C75BFEE46C05}.Debug|x64.Build.0 = Debug|x64
		{7D83FD08-F63A-4C9E-9489-C75BFEE46C05}.Debug|x86.ActiveCfg = Debug|Win32
		{7D83FD08-F63A-4C9E-9489-C75BFEE46C05}.Debug|x86.Build.0 = Debug|Win32
		{7D83FD08-F63A-4C9E-9489-C75BFEE46C05}.Release|x64.ActiveCfg = Release|x64
		{7D83FD08-F63A-4C9E-9489-C75BFEE46C05}.Release|x64.Build.0 = Release|x64
		{7D83FD08-F63A-4C9E-9489-C75BFEE46C05}.Release|x86.ActiveCfg = Release|Win32
		{7D83FD08-F63A-4C9E-9489-C75BFEE46C05}.Release|x86.Build.0 = Release|Win32
		{07EC71AE-6F27-417A-B1B8-2B8BF14635A1}.Debug|x64.ActiveCfg = Debug|x64
		{07EC71AE-6F27-417A-B1B8-2B8BF14635A1}.Debug|x64.Build.0 = Debug|x64
		{07EC71AE-6F27-417A-B1B8-2B8BF14635A1}.Debug|x86.ActiveCfg = Debug|Win32
		{07EC71AE-6F27-417A-B1B8-2B8BF14635A1}.Debug|x86.Build.0 = Debug|Win32
		{07EC71AE-6F27-417A-B1B8-2B8BF14635A1}.Release|x64.ActiveCfg = Release|x64
		{07EC71AE-6F27-417A-B1B8-2B8BF14635A1}.Release|x64.Build.0 = Release|x64
		{07EC71AE-6F27-417A-B1B8-2B8BF14635A1}.Release|x86.ActiveCfg = Release|Win32
		{07EC71AE-6F27-417A-B1B8-2B8BF14635A1}.Release|x86.Build.0 = Release|Win32
		{C88BB9D6-FBB6-4310-8F6C-B00C95C3A68E}.Debug|x64.ActiveCfg = Debug|x64
		{C88BB9D6-FBB6-4310-8F6C-B00C95C3A68E}.Debug|x64.Build.0 = Debug|x64
		{C88BB9D6-FBB6-4310-8F6C-B00C95C3A68E}.Debug|x86.ActiveCfg = Debug|Win32
		{C88BB9D6-FBB6-4310-8F6C-B00C95C3A68E}.Debug|x86.Build.0 = Debug|Win32
		{C88BB9D6-FBB6-4310-8F6C-B00C95C3A68E}.Release|x64.ActiveCfg = Release|x64
		{C88BB9D6-FBB6-4310-8F6C-B00C95C3A68E}.Release|x64.Build.0 = Release|x64
		{C88BB9D6-FBB6-4310-8F6C-B00C95C3A68E}.Release|x86.ActiveCfg = Release|Win32
		{C88BB9D6-FBB6-4310-8F6C-B00C95C3A68E}.Release|x86.Build.0 = Release|Win32
		{A9FCDC5A-7DA6-4C37-BA30-AC80E945D350}.Debug|x64.ActiveCfg = Debug|x64
		{A9FCDC5A-7DA6-4C37-BA30-AC80E945D350}.Debug|x64.Build.0 = Debug|x64
		{A9FCDC5A-7DA6-4C37-BA30-AC80E945D350}.Debug|x86.ActiveCfg = Debug|Win32
		{A9FCDC5A-7DA6-4C37-BA30-AC80E945D350}.Debug|x86.Build.0 = Debug|Win32
		{A9FCDC5A-7DA6-4C37-BA30-AC80E945D350}.Release|x64.ActiveCfg = Release|x64
		{A9FCDC5A-7DA6-4C37-BA30-AC80E945D350}.Release|x64.Build.0 = Release|x64
		{A9FCDC5A-7DA6-4C37-BA30-AC80E945D350}.Release|x86.ActiveCfg = Release|Win32
		{A9FCDC5A-7DA6-4C37-BA30-AC80E945D350}.Release|x86.Build.0 = Release|Win32
		{490A1CC3-3B2E-484A-B58C-23252D113CD4}.Debug|x64.ActiveCfg = Debug|x64
		{490A1CC3-3B2E-484A-B58C-23252D113CD4}.Debug|x64.Build.0 = Debug|x64
		{490A1CC3-3B2E-484A-B58C-23252D113CD4}.Debug|x86.ActiveCfg = Debug|Win32
		{490A1CC3-3B2E-484A-B58C-23252D113CD4}.Debug|x86.Build.0 = Debug|Win32
		{490A1CC3-3B2E-484A-B58C-23252D113CD4}.Release|x64.ActiveCfg = Release|x64
		{490A1CC3-3B2E-484A-B58C-23252D113CD4}.Release|x64.Build.0 = Release|x64
		{490A1CC3-3B2E-484A-B58C-23252D113CD4}.Release|x86.ActiveCfg = Release|Win32
		{490A1CC3-3B2E-484A-B58C-23252D113CD4}.Release|x86.Build.0 = Release|Win32
		{CFBBE265-42A4-4E07-BED3-62EB4674069C}.Debug|x64.ActiveCfg = Debug|x64
		{CFBBE265-42A4-4E07-BED3-62EB4674069C}.Debug|x64.Build.0 = Debug|x64
		{CFBBE265-42A4-4E07-BED3-62EB4674069C}.Debug|x86.ActiveCfg = Debug|Win32
		{CFBBE265-42A4-4E07-BED3-62EB4674069C}.Debug|x86.Build.0 = Debug|Win32
		{CFBBE265-42A4-4E07-BED3-62EB4674069C}.Release|x64.ActiveCfg = Release|x64
		{CFBBE265-42A4-4E07-BED3-62EB4674069C}.Release|x64.Build.0 = Release|x64
		{CFBBE265-42A4-4E07-BED3-62EB4674069C}.Release|x86.ActiveCfg = Release|Win32
		{CFBBE265-42A4-4E07-BED3-62EB4674069C}.Release|x86.Build.0 = Release|Win32
		{7FA9C6C1-5EEB-4AA5-9588-D17532647E52}.Debug|x64.ActiveCfg = Debug|x64
		{7FA9C6C1-5EEB-4AA5-9588-D17532647E52}.Debug|x64.Build.0 = Debug|x64
		{7FA9C6C1-5EEB-4AA5-9588-D17532647E52}.Debug|x86.ActiveCfg = Debug|Win32
		{7FA9C6C1-5EEB-4AA5-9588-D17532647E52}.Debug|x86.Build.0 = Debug|Win32
		{7FA9C6C1-5EEB-4AA5-9588-D17532647E52}.Release|x64.ActiveCfg = Release|x64
		{7FA9C6C1-5EEB-4AA5-9588-D17532647E52}.Release|x64.Build.0 = Release|x64
		{7FA9C6C1-5EEB-4AA5-9588-D17532647E52}.Release|x86.ActiveCfg = Release|Win32
		{7FA9C6C1-5EEB-4AA5-9588-D17532647E52}.Release|x86.Build.0 = Release|Win32
		{64CCF493-E4BA-441A-8891-D991B0CD1695}.Debug|x64.ActiveCfg = Debug|x64
		{64CCF493-E4BA-441A-8891-D991B0CD1695}.Debug|x64.Build.0 = Debug|x64
		{64CCF493-E4BA-441A-8891-D991B0CD1695}.Debug|x86.ActiveCfg = Debug|Win32
		{64CCF493-E4BA-441A-8891-D991B0CD1695}.Debug|x86.Build.0 = Debug|Win32
		{64CCF493-E4BA-441A-8891-D991B0CD1695}.Release|x64.ActiveCfg = Release|x64
		{64CCF493-E4BA-441A-8891-D991B0CD1695}.Release|x64.Build.0 = Release|x64
		{64CCF493-E4BA-441A-8891-D991B0CD1695}.Release|x86.ActiveCfg = Release|Win32
		{64CCF493-E4BA-441A-8891-D991B0CD1695}.Release|x86.Build.0 = Release|Win32
		{B6136F1C-95C1-4153-A2F1-021F071A14E1}.Debug|x64.ActiveCfg = Debug|x64
		{B6136F1C-95C1-4153-A2F1-021F071A14E1}.Debug|x64.Build.0 = Debug|x64
		{B6136F1C-95C1-4153-A2F1-021F071A14E1}.Debug|x86.ActiveCfg = Debug|Win32
		{B6136F1C-95C1-4153-A2F1-021F071A14E1}.Debug|x86.Build.0 = Debug|Win32
		{B6136F1C-95C1-4153-A2F1-021F071A14E1}.Release|x64.ActiveCfg = Release|x64
		{B6136F1C-95C1-4153-A2F1-021F071A14E1}.Release|x64.Build.0 = Release|x64
		{B6136F1C-95C1-4153-A2F1-021F071A14E1}.Release|x86.ActiveCfg = Release|Win32
		{B6136F1C-95C1-4153-A2F1-021F071A14E1}.Release|x86.Build.0 = Release|Win32
		{1DB2D6C0-DB36-4427-A05F-E81E925CA8B2}.Debug|x64.ActiveCfg = Debug|x64
		{1DB2D6C0-DB36-4427-A05F-E81E925CA8B2}.Debug|x64.Build.0 = Debug|x64
		{1DB2D6C0-DB36-4427-A05F-E81E925CA8B2}.Debug|x86.ActiveCfg = Debug|Win32
		{1DB2D6C0-DB36-4427-A05F-E81E925CA8B2}.Debug|x86.Build.0 = Debug|Win32
		{1DB2D6C0-DB36-4427-A05F-E81E925CA8B2}.Release|x64.ActiveCfg = Release|x64
		{1DB2D6C0-DB36-4427-A05F-E81E925CA8B2}.Release|x64.Build.0 = Release|x64
		{1DB2D6C0-DB36-4427-A05F-E81E925CA8B2}.Release|x86.ActiveCfg = Release|Win32
		{1DB2D6C0-DB36-4427-A05F-E81E925CA8B2}.Release|x86.Build.0 = Release|Win32
		{033726E2-9B13-4755-8276-2B8D9694787C}.Debug|x64.ActiveCfg = Debug|x64
		{033726E2-9B13-4755-8276-2B8D9694787C}.Debug|x64.Build.0 = Debug|x64
		{033726E2-9B13-4755-8276-2B8D9694787C}.Debug|x86.ActiveCfg = Debug|Win32
		{033726E2-9B13-4755-8276-2B8D9694787C}.Debug|x86.Build.0 = Debug|Win32
		{033726E2-9B13-4755-8276-2B8D9694787C}.Release|x64.ActiveCfg = Release|x64
		{033726E2-9B13-4755-8276-2B8D9694787C}.Release|x64.Build.0 = Release|x64
		{033726E2-9B13-4755-8276-2B8D9694787C}.Release|x86.ActiveCfg = Release|Win32
		{033726E2-9B13-4755-8276-2B8D9694787C}.Release|x86.Build.0 = Release|Win32
		{CA6FC2AF-FE62-4297-AA1B-B4043C9EAE73}.Debug|x64.ActiveCfg = Debug|x64
		{CA6FC2AF-FE62-4297-AA1B-B4043C9EAE73}.Debug|x64.Build.0 = Debug|x64
		{CA6FC2AF-FE62-4297-AA1B-B4043C9EAE73}.Debug|x86.ActiveCfg = Debug|Win32
		{CA6FC2AF-FE62-4297-AA1B-B4043C9EAE73}.Debug|x86.Build.0 = Debug|Win32
		{CA6FC2AF-FE62-4297-AA1B-B4043C9EAE73}.Release|x64.ActiveCfg = Release|x64
		{CA6FC2AF-FE62-4297-AA1B-B4043C9EAE73}.Release|x64.Build.0 = Release|x64
		{CA6FC2AF-FE62-4297-AA1B-B4043C9EAE73}.Release|x86.ActiveCfg = Release|Win32
		{CA6FC2AF-FE62-4297-AA1B-B4043C9EAE73}.Release|x86.Build.0 = Release|Win32
		{2B8148BC-E200-4BFA-BD62-F4E398751ACF}.Debug|x64.ActiveCfg = Debug|x64
		{2B8148BC-E200-4BFA-BD62-F4E398751ACF}.Debug|x64.Build.0 = Debug|x64
		{2B8148BC-E200-4BFA-BD62-F4E398751ACF}.Debug|x86.ActiveCfg = Debug|Win32
		{2B8148BC-E200-4BFA-BD62-F4E398751ACF}.Debug|x86.Build.0 = Debug|Win32
		{2B8148BC-E200-4BFA-BD62-F4E398751ACF}.Release|x64.ActiveCfg = Release|x64
		{2B8148BC-E200-4BFA-BD62-F4E398751ACF}.Release|x64.Build.0 = Release|x64
		{2B8148BC-E200-4BFA-BD62-F4E398751ACF}.Release|x86.ActiveCfg = Release|Win32
		{2B8148BC-E200-4BFA-BD62-F4E398751ACF}.Release|x86.Build.0 = Release|Win32
	EndGlobalSection
	GlobalSection(SolutionProperties) = preSolution
		HideSolutionNode = FALSE
	EndGlobalSection
	GlobalSection(ExtensibilityGlobals) = postSolution
		SolutionGuid = {A779128D-A396-4456-ACAD-426BEE1F4719}
	EndGlobalSection
EndGlobal
