
Microsoft Visual Studio Solution File, Format Version 12.00
# Visual Studio Version 16
VisualStudioVersion = 16.0.32602.291
MinimumVisualStudioVersion = 10.0.40219.1
Project("{8BC9CEB8-8B4A-11D0-8D11-00A0C91BC942}") = "hello-world", "hello-world\hello-world.vcxproj", "{713E1EE4-4231-407C-8C93-35407954663D}"
EndProject
Project("{8BC9CEB8-8B4A-11D0-8D11-00A0C91BC942}") = "constpoint-opintconst", "constpoint-opintconst\constpoint-opintconst.vcxproj", "{0DC70B71-1B35-4147-83CA-27B85CC27C9A}"
EndProject
Project("{8BC9CEB8-8B4A-11D0-8D11-00A0C91BC942}") = "format-code-style", "format-code-style\format-code-style.vcxproj", "{5F15332B-FC68-4DBB-BA6F-039D706D6B1C}"
EndProject
Project("{8BC9CEB8-8B4A-11D0-8D11-00A0C91BC942}") = "new-delete", "new-delete\new-delete.vcxproj", "{26C0FC3F-D5ED-4945-840A-B17279626DDA}"
EndProject
Project("{8BC9CEB8-8B4A-11D0-8D11-00A0C91BC942}") = "win-mem-leaks", "win-mem-leaks\win-mem-leaks.vcxproj", "{ACC4F9E8-2671-40F9-B593-AE6F5D778FE3}"
EndProject
Project("{8BC9CEB8-8B4A-11D0-8D11-00A0C91BC942}") = "overloaded-arithmetic-operator", "overloaded-arithmetic-operator\overloaded-arithmetic-operator.vcxproj", "{BFB891E7-1184-4935-9725-2998CFFDCB57}"
EndProject
Project("{8BC9CEB8-8B4A-11D0-8D11-00A0C91BC942}") = "overloaded-class-arithmetic-operator", "overloaded-class-arithmetic-operator\overloaded-class-arithmetic-operator.vcxproj", "{4CE4E6BC-8229-4421-9699-BE4BDEB4E82F}"
EndProject
Project("{8BC9CEB8-8B4A-11D0-8D11-00A0C91BC942}") = "class-object", "class-object\class-object.vcxproj", "{6F0D149D-1304-4743-97ED-B5500FA2C3B4}"
EndProject
Project("{8BC9CEB8-8B4A-11D0-8D11-00A0C91BC942}") = "class-object-friend", "class-object-friend\class-object-friend.vcxproj", "{EAF9D5F6-38B8-45AF-9E20-C64F282F900B}"
EndProject
Project("{8BC9CEB8-8B4A-11D0-8D11-00A0C91BC942}") = "class-func-friend", "class-func-friend\class-func-friend.vcxproj", "{D8CA2F3F-A29B-44D5-B72E-D45A9AEE8932}"
EndProject
Project("{8BC9CEB8-8B4A-11D0-8D11-00A0C91BC942}") = "lvalue-rvalue", "lvalue-rvalue\lvalue-rvalue.vcxproj", "{4CB70CDE-0246-4FDB-B513-6EC21F6CDC56}"
EndProject
Project("{8BC9CEB8-8B4A-11D0-8D11-00A0C91BC942}") = "format", "format\format.vcxproj", "{10E22199-2E7B-4136-8216-53A4D5CCFFCE}"
EndProject
Project("{8BC9CEB8-8B4A-11D0-8D11-00A0C91BC942}") = "directory-structure", "directory-structure\directory-structure.vcxproj", "{F76B2AD8-BB66-4555-AB71-89D0E7D51000}"
EndProject
Project("{8BC9CEB8-8B4A-11D0-8D11-00A0C91BC942}") = "simple-vector", "simple-vector\simple-vector.vcxproj", "{7346E2B8-013A-49EE-8B65-4D5AA824C9C8}"
EndProject
Project("{8BC9CEB8-8B4A-11D0-8D11-00A0C91BC942}") = "insert-iterator", "insert-iterator\insert-iterator.vcxproj", "{229D37C3-3C79-4C89-A297-E7394AB63327}"
EndProject
Global
	GlobalSection(SolutionConfigurationPlatforms) = preSolution
		Debug|x64 = Debug|x64
		Debug|x86 = Debug|x86
		Release|x64 = Release|x64
		Release|x86 = Release|x86
	EndGlobalSection
	GlobalSection(ProjectConfigurationPlatforms) = postSolution
		{713E1EE4-4231-407C-8C93-35407954663D}.Debug|x64.ActiveCfg = Debug|x64
		{713E1EE4-4231-407C-8C93-35407954663D}.Debug|x64.Build.0 = Debug|x64
		{713E1EE4-4231-407C-8C93-35407954663D}.Debug|x86.ActiveCfg = Debug|Win32
		{713E1EE4-4231-407C-8C93-35407954663D}.Debug|x86.Build.0 = Debug|Win32
		{713E1EE4-4231-407C-8C93-35407954663D}.Release|x64.ActiveCfg = Release|x64
		{713E1EE4-4231-407C-8C93-35407954663D}.Release|x64.Build.0 = Release|x64
		{713E1EE4-4231-407C-8C93-35407954663D}.Release|x86.ActiveCfg = Release|Win32
		{713E1EE4-4231-407C-8C93-35407954663D}.Release|x86.Build.0 = Release|Win32
		{0DC70B71-1B35-4147-83CA-27B85CC27C9A}.Debug|x64.ActiveCfg = Debug|x64
		{0DC70B71-1B35-4147-83CA-27B85CC27C9A}.Debug|x64.Build.0 = Debug|x64
		{0DC70B71-1B35-4147-83CA-27B85CC27C9A}.Debug|x86.ActiveCfg = Debug|Win32
		{0DC70B71-1B35-4147-83CA-27B85CC27C9A}.Debug|x86.Build.0 = Debug|Win32
		{0DC70B71-1B35-4147-83CA-27B85CC27C9A}.Release|x64.ActiveCfg = Release|x64
		{0DC70B71-1B35-4147-83CA-27B85CC27C9A}.Release|x64.Build.0 = Release|x64
		{0DC70B71-1B35-4147-83CA-27B85CC27C9A}.Release|x86.ActiveCfg = Release|Win32
		{0DC70B71-1B35-4147-83CA-27B85CC27C9A}.Release|x86.Build.0 = Release|Win32
		{5F15332B-FC68-4DBB-BA6F-039D706D6B1C}.Debug|x64.ActiveCfg = Debug|x64
		{5F15332B-FC68-4DBB-BA6F-039D706D6B1C}.Debug|x64.Build.0 = Debug|x64
		{5F15332B-FC68-4DBB-BA6F-039D706D6B1C}.Debug|x86.ActiveCfg = Debug|Win32
		{5F15332B-FC68-4DBB-BA6F-039D706D6B1C}.Debug|x86.Build.0 = Debug|Win32
		{5F15332B-FC68-4DBB-BA6F-039D706D6B1C}.Release|x64.ActiveCfg = Release|x64
		{5F15332B-FC68-4DBB-BA6F-039D706D6B1C}.Release|x64.Build.0 = Release|x64
		{5F15332B-FC68-4DBB-BA6F-039D706D6B1C}.Release|x86.ActiveCfg = Release|Win32
		{5F15332B-FC68-4DBB-BA6F-039D706D6B1C}.Release|x86.Build.0 = Release|Win32
		{26C0FC3F-D5ED-4945-840A-B17279626DDA}.Debug|x64.ActiveCfg = Debug|x64
		{26C0FC3F-D5ED-4945-840A-B17279626DDA}.Debug|x64.Build.0 = Debug|x64
		{26C0FC3F-D5ED-4945-840A-B17279626DDA}.Debug|x86.ActiveCfg = Debug|Win32
		{26C0FC3F-D5ED-4945-840A-B17279626DDA}.Debug|x86.Build.0 = Debug|Win32
		{26C0FC3F-D5ED-4945-840A-B17279626DDA}.Release|x64.ActiveCfg = Release|x64
		{26C0FC3F-D5ED-4945-840A-B17279626DDA}.Release|x64.Build.0 = Release|x64
		{26C0FC3F-D5ED-4945-840A-B17279626DDA}.Release|x86.ActiveCfg = Release|Win32
		{26C0FC3F-D5ED-4945-840A-B17279626DDA}.Release|x86.Build.0 = Release|Win32
		{ACC4F9E8-2671-40F9-B593-AE6F5D778FE3}.Debug|x64.ActiveCfg = Debug|x64
		{ACC4F9E8-2671-40F9-B593-AE6F5D778FE3}.Debug|x64.Build.0 = Debug|x64
		{ACC4F9E8-2671-40F9-B593-AE6F5D778FE3}.Debug|x86.ActiveCfg = Debug|Win32
		{ACC4F9E8-2671-40F9-B593-AE6F5D778FE3}.Debug|x86.Build.0 = Debug|Win32
		{ACC4F9E8-2671-40F9-B593-AE6F5D778FE3}.Release|x64.ActiveCfg = Release|x64
		{ACC4F9E8-2671-40F9-B593-AE6F5D778FE3}.Release|x64.Build.0 = Release|x64
		{ACC4F9E8-2671-40F9-B593-AE6F5D778FE3}.Release|x86.ActiveCfg = Release|Win32
		{ACC4F9E8-2671-40F9-B593-AE6F5D778FE3}.Release|x86.Build.0 = Release|Win32
		{BFB891E7-1184-4935-9725-2998CFFDCB57}.Debug|x64.ActiveCfg = Debug|x64
		{BFB891E7-1184-4935-9725-2998CFFDCB57}.Debug|x64.Build.0 = Debug|x64
		{BFB891E7-1184-4935-9725-2998CFFDCB57}.Debug|x86.ActiveCfg = Debug|Win32
		{BFB891E7-1184-4935-9725-2998CFFDCB57}.Debug|x86.Build.0 = Debug|Win32
		{BFB891E7-1184-4935-9725-2998CFFDCB57}.Release|x64.ActiveCfg = Release|x64
		{BFB891E7-1184-4935-9725-2998CFFDCB57}.Release|x64.Build.0 = Release|x64
		{BFB891E7-1184-4935-9725-2998CFFDCB57}.Release|x86.ActiveCfg = Release|Win32
		{BFB891E7-1184-4935-9725-2998CFFDCB57}.Release|x86.Build.0 = Release|Win32
		{4CE4E6BC-8229-4421-9699-BE4BDEB4E82F}.Debug|x64.ActiveCfg = Debug|x64
		{4CE4E6BC-8229-4421-9699-BE4BDEB4E82F}.Debug|x64.Build.0 = Debug|x64
		{4CE4E6BC-8229-4421-9699-BE4BDEB4E82F}.Debug|x86.ActiveCfg = Debug|Win32
		{4CE4E6BC-8229-4421-9699-BE4BDEB4E82F}.Debug|x86.Build.0 = Debug|Win32
		{4CE4E6BC-8229-4421-9699-BE4BDEB4E82F}.Release|x64.ActiveCfg = Release|x64
		{4CE4E6BC-8229-4421-9699-BE4BDEB4E82F}.Release|x64.Build.0 = Release|x64
		{4CE4E6BC-8229-4421-9699-BE4BDEB4E82F}.Release|x86.ActiveCfg = Release|Win32
		{4CE4E6BC-8229-4421-9699-BE4BDEB4E82F}.Release|x86.Build.0 = Release|Win32
		{6F0D149D-1304-4743-97ED-B5500FA2C3B4}.Debug|x64.ActiveCfg = Debug|x64
		{6F0D149D-1304-4743-97ED-B5500FA2C3B4}.Debug|x64.Build.0 = Debug|x64
		{6F0D149D-1304-4743-97ED-B5500FA2C3B4}.Debug|x86.ActiveCfg = Debug|Win32
		{6F0D149D-1304-4743-97ED-B5500FA2C3B4}.Debug|x86.Build.0 = Debug|Win32
		{6F0D149D-1304-4743-97ED-B5500FA2C3B4}.Release|x64.ActiveCfg = Release|x64
		{6F0D149D-1304-4743-97ED-B5500FA2C3B4}.Release|x64.Build.0 = Release|x64
		{6F0D149D-1304-4743-97ED-B5500FA2C3B4}.Release|x86.ActiveCfg = Release|Win32
		{6F0D149D-1304-4743-97ED-B5500FA2C3B4}.Release|x86.Build.0 = Release|Win32
		{EAF9D5F6-38B8-45AF-9E20-C64F282F900B}.Debug|x64.ActiveCfg = Debug|x64
		{EAF9D5F6-38B8-45AF-9E20-C64F282F900B}.Debug|x64.Build.0 = Debug|x64
		{EAF9D5F6-38B8-45AF-9E20-C64F282F900B}.Debug|x86.ActiveCfg = Debug|Win32
		{EAF9D5F6-38B8-45AF-9E20-C64F282F900B}.Debug|x86.Build.0 = Debug|Win32
		{EAF9D5F6-38B8-45AF-9E20-C64F282F900B}.Release|x64.ActiveCfg = Release|x64
		{EAF9D5F6-38B8-45AF-9E20-C64F282F900B}.Release|x64.Build.0 = Release|x64
		{EAF9D5F6-38B8-45AF-9E20-C64F282F900B}.Release|x86.ActiveCfg = Release|Win32
		{EAF9D5F6-38B8-45AF-9E20-C64F282F900B}.Release|x86.Build.0 = Release|Win32
		{D8CA2F3F-A29B-44D5-B72E-D45A9AEE8932}.Debug|x64.ActiveCfg = Debug|x64
		{D8CA2F3F-A29B-44D5-B72E-D45A9AEE8932}.Debug|x64.Build.0 = Debug|x64
		{D8CA2F3F-A29B-44D5-B72E-D45A9AEE8932}.Debug|x86.ActiveCfg = Debug|Win32
		{D8CA2F3F-A29B-44D5-B72E-D45A9AEE8932}.Debug|x86.Build.0 = Debug|Win32
		{D8CA2F3F-A29B-44D5-B72E-D45A9AEE8932}.Release|x64.ActiveCfg = Release|x64
		{D8CA2F3F-A29B-44D5-B72E-D45A9AEE8932}.Release|x64.Build.0 = Release|x64
		{D8CA2F3F-A29B-44D5-B72E-D45A9AEE8932}.Release|x86.ActiveCfg = Release|Win32
		{D8CA2F3F-A29B-44D5-B72E-D45A9AEE8932}.Release|x86.Build.0 = Release|Win32
		{4CB70CDE-0246-4FDB-B513-6EC21F6CDC56}.Debug|x64.ActiveCfg = Debug|x64
		{4CB70CDE-0246-4FDB-B513-6EC21F6CDC56}.Debug|x64.Build.0 = Debug|x64
		{4CB70CDE-0246-4FDB-B513-6EC21F6CDC56}.Debug|x86.ActiveCfg = Debug|Win32
		{4CB70CDE-0246-4FDB-B513-6EC21F6CDC56}.Debug|x86.Build.0 = Debug|Win32
		{4CB70CDE-0246-4FDB-B513-6EC21F6CDC56}.Release|x64.ActiveCfg = Release|x64
		{4CB70CDE-0246-4FDB-B513-6EC21F6CDC56}.Release|x64.Build.0 = Release|x64
		{4CB70CDE-0246-4FDB-B513-6EC21F6CDC56}.Release|x86.ActiveCfg = Release|Win32
		{4CB70CDE-0246-4FDB-B513-6EC21F6CDC56}.Release|x86.Build.0 = Release|Win32
		{10E22199-2E7B-4136-8216-53A4D5CCFFCE}.Debug|x64.ActiveCfg = Debug|x64
		{10E22199-2E7B-4136-8216-53A4D5CCFFCE}.Debug|x64.Build.0 = Debug|x64
		{10E22199-2E7B-4136-8216-53A4D5CCFFCE}.Debug|x86.ActiveCfg = Debug|Win32
		{10E22199-2E7B-4136-8216-53A4D5CCFFCE}.Debug|x86.Build.0 = Debug|Win32
		{10E22199-2E7B-4136-8216-53A4D5CCFFCE}.Release|x64.ActiveCfg = Release|x64
		{10E22199-2E7B-4136-8216-53A4D5CCFFCE}.Release|x64.Build.0 = Release|x64
		{10E22199-2E7B-4136-8216-53A4D5CCFFCE}.Release|x86.ActiveCfg = Release|Win32
		{10E22199-2E7B-4136-8216-53A4D5CCFFCE}.Release|x86.Build.0 = Release|Win32
		{F76B2AD8-BB66-4555-AB71-89D0E7D51000}.Debug|x64.ActiveCfg = Debug|x64
		{F76B2AD8-BB66-4555-AB71-89D0E7D51000}.Debug|x64.Build.0 = Debug|x64
		{F76B2AD8-BB66-4555-AB71-89D0E7D51000}.Debug|x86.ActiveCfg = Debug|Win32
		{F76B2AD8-BB66-4555-AB71-89D0E7D51000}.Debug|x86.Build.0 = Debug|Win32
		{F76B2AD8-BB66-4555-AB71-89D0E7D51000}.Release|x64.ActiveCfg = Release|x64
		{F76B2AD8-BB66-4555-AB71-89D0E7D51000}.Release|x64.Build.0 = Release|x64
		{F76B2AD8-BB66-4555-AB71-89D0E7D51000}.Release|x86.ActiveCfg = Release|Win32
		{F76B2AD8-BB66-4555-AB71-89D0E7D51000}.Release|x86.Build.0 = Release|Win32
		{7346E2B8-013A-49EE-8B65-4D5AA824C9C8}.Debug|x64.ActiveCfg = Debug|x64
		{7346E2B8-013A-49EE-8B65-4D5AA824C9C8}.Debug|x64.Build.0 = Debug|x64
		{7346E2B8-013A-49EE-8B65-4D5AA824C9C8}.Debug|x86.ActiveCfg = Debug|Win32
		{7346E2B8-013A-49EE-8B65-4D5AA824C9C8}.Debug|x86.Build.0 = Debug|Win32
		{7346E2B8-013A-49EE-8B65-4D5AA824C9C8}.Release|x64.ActiveCfg = Release|x64
		{7346E2B8-013A-49EE-8B65-4D5AA824C9C8}.Release|x64.Build.0 = Release|x64
		{7346E2B8-013A-49EE-8B65-4D5AA824C9C8}.Release|x86.ActiveCfg = Release|Win32
		{7346E2B8-013A-49EE-8B65-4D5AA824C9C8}.Release|x86.Build.0 = Release|Win32
		{229D37C3-3C79-4C89-A297-E7394AB63327}.Debug|x64.ActiveCfg = Debug|x64
		{229D37C3-3C79-4C89-A297-E7394AB63327}.Debug|x64.Build.0 = Debug|x64
		{229D37C3-3C79-4C89-A297-E7394AB63327}.Debug|x86.ActiveCfg = Debug|Win32
		{229D37C3-3C79-4C89-A297-E7394AB63327}.Debug|x86.Build.0 = Debug|Win32
		{229D37C3-3C79-4C89-A297-E7394AB63327}.Release|x64.ActiveCfg = Release|x64
		{229D37C3-3C79-4C89-A297-E7394AB63327}.Release|x64.Build.0 = Release|x64
		{229D37C3-3C79-4C89-A297-E7394AB63327}.Release|x86.ActiveCfg = Release|Win32
		{229D37C3-3C79-4C89-A297-E7394AB63327}.Release|x86.Build.0 = Release|Win32
	EndGlobalSection
	GlobalSection(SolutionProperties) = preSolution
		HideSolutionNode = FALSE
	EndGlobalSection
	GlobalSection(ExtensibilityGlobals) = postSolution
		SolutionGuid = {A779128D-A396-4456-ACAD-426BEE1F4719}
	EndGlobalSection
EndGlobal
